
Microsoft Visual Studio Solution File, Format Version 12.00
# Visual Studio Version 17
VisualStudioVersion = 17.1.32210.238
MinimumVisualStudioVersion = 10.0.40219.1
Project("{FAE04EC0-301F-11D3-BF4B-00C04F79EFBC}") = "WebApi", "WebApi.csproj", "{FEEA0B65-D311-4E3D-BF58-9B5166640550}"
EndProject
Global
	GlobalSection(SolutionConfigurationPlatforms) = preSolution
		Debug|Any CPU = Debug|Any CPU
		Release|Any CPU = Release|Any CPU
	EndGlobalSection
	GlobalSection(ProjectConfigurationPlatforms) = postSolution
		{FEEA0B65-D311-4E3D-BF58-9B5166640550}.Debug|Any CPU.ActiveCfg = Debug|Any CPU
		{FEEA0B65-D311-4E3D-BF58-9B5166640550}.Debug|Any CPU.Build.0 = Debug|Any CPU
		{FEEA0B65-D311-4E3D-BF58-9B5166640550}.Release|Any CPU.ActiveCfg = Release|Any CPU
		{FEEA0B65-D311-4E3D-BF58-9B5166640550}.Release|Any CPU.Build.0 = Release|Any CPU
	EndGlobalSection
	GlobalSection(SolutionProperties) = preSolution
		HideSolutionNode = FALSE
	EndGlobalSection
	GlobalSection(ExtensibilityGlobals) = postSolution
		SolutionGuid = {05E6F066-29E0-4C66-B083-47D230C9EC17}
	EndGlobalSection
EndGlobal
